// !$*UTF8*$!
{
	archiveVersion = 1;
	classes = {
	};
	objectVersion = 50;
	objects = {

/* Begin PBXBuildFile section */
		A440DD3622059FBB0059BA94 /* XQTestAssets.xcassets in Resources */ = {isa = PBXBuildFile; fileRef = A440DD3522059FBB0059BA94 /* XQTestAssets.xcassets */; };
		A440DD3822059FCB0059BA94 /* Media.xcassets in Resources */ = {isa = PBXBuildFile; fileRef = A440DD3722059FCB0059BA94 /* Media.xcassets */; };
		A4907BF422059BF300A4E1C4 /* AppDelegate.swift in Sources */ = {isa = PBXBuildFile; fileRef = A4907BF322059BF300A4E1C4 /* AppDelegate.swift */; };
		A4907BF622059BF300A4E1C4 /* ViewController.swift in Sources */ = {isa = PBXBuildFile; fileRef = A4907BF522059BF300A4E1C4 /* ViewController.swift */; };
		A4907BF922059BF300A4E1C4 /* Main.storyboard in Resources */ = {isa = PBXBuildFile; fileRef = A4907BF722059BF300A4E1C4 /* Main.storyboard */; };
		A4907BFE22059BF300A4E1C4 /* LaunchScreen.storyboard in Resources */ = {isa = PBXBuildFile; fileRef = A4907BFC22059BF300A4E1C4 /* LaunchScreen.storyboard */; };
		A4907C0922059BF300A4E1C4 /* XQTestResourceTests.swift in Sources */ = {isa = PBXBuildFile; fileRef = A4907C0822059BF300A4E1C4 /* XQTestResourceTests.swift */; };
		A4907C1422059BF300A4E1C4 /* XQTestResourceUITests.swift in Sources */ = {isa = PBXBuildFile; fileRef = A4907C1322059BF300A4E1C4 /* XQTestResourceUITests.swift */; };
		A4907C2222059C4A00A4E1C4 /* XQTestImage.swift in Sources */ = {isa = PBXBuildFile; fileRef = A4907C2122059C4A00A4E1C4 /* XQTestImage.swift */; };
/* End PBXBuildFile section */

/* Begin PBXContainerItemProxy section */
		A4907C0522059BF300A4E1C4 /* PBXContainerItemProxy */ = {
			isa = PBXContainerItemProxy;
			containerPortal = A4907BE822059BF300A4E1C4 /* Project object */;
			proxyType = 1;
			remoteGlobalIDString = A4907BEF22059BF300A4E1C4;
			remoteInfo = XQTestResource;
		};
		A4907C1022059BF300A4E1C4 /* PBXContainerItemProxy */ = {
			isa = PBXContainerItemProxy;
			containerPortal = A4907BE822059BF300A4E1C4 /* Project object */;
			proxyType = 1;
			remoteGlobalIDString = A4907BEF22059BF300A4E1C4;
			remoteInfo = XQTestResource;
		};
/* End PBXContainerItemProxy section */

/* Begin PBXFileReference section */
		A440DD3522059FBB0059BA94 /* XQTestAssets.xcassets */ = {isa = PBXFileReference; lastKnownFileType = folder.assetcatalog; path = XQTestAssets.xcassets; sourceTree = "<group>"; };
		A440DD3722059FCB0059BA94 /* Media.xcassets */ = {isa = PBXFileReference; lastKnownFileType = folder.assetcatalog; path = Media.xcassets; sourceTree = "<group>"; };
		A4907BF022059BF300A4E1C4 /* XQTestResource.app */ = {isa = PBXFileReference; explicitFileType = wrapper.application; includeInIndex = 0; path = XQTestResource.app; sourceTree = BUILT_PRODUCTS_DIR; };
		A4907BF322059BF300A4E1C4 /* AppDelegate.swift */ = {isa = PBXFileReference; lastKnownFileType = sourcecode.swift; path = AppDelegate.swift; sourceTree = "<group>"; };
		A4907BF522059BF300A4E1C4 /* ViewController.swift */ = {isa = PBXFileReference; lastKnownFileType = sourcecode.swift; path = ViewController.swift; sourceTree = "<group>"; };
		A4907BF822059BF300A4E1C4 /* Base */ = {isa = PBXFileReference; lastKnownFileType = file.storyboard; name = Base; path = Base.lproj/Main.storyboard; sourceTree = "<group>"; };
		A4907BFD22059BF300A4E1C4 /* Base */ = {isa = PBXFileReference; lastKnownFileType = file.storyboard; name = Base; path = Base.lproj/LaunchScreen.storyboard; sourceTree = "<group>"; };
		A4907BFF22059BF300A4E1C4 /* Info.plist */ = {isa = PBXFileReference; lastKnownFileType = text.plist.xml; path = Info.plist; sourceTree = "<group>"; };
		A4907C0422059BF300A4E1C4 /* XQTestResourceTests.xctest */ = {isa = PBXFileReference; explicitFileType = wrapper.cfbundle; includeInIndex = 0; path = XQTestResourceTests.xctest; sourceTree = BUILT_PRODUCTS_DIR; };
		A4907C0822059BF300A4E1C4 /* XQTestResourceTests.swift */ = {isa = PBXFileReference; lastKnownFileType = sourcecode.swift; path = XQTestResourceTests.swift; sourceTree = "<group>"; };
		A4907C0A22059BF300A4E1C4 /* Info.plist */ = {isa = PBXFileReference; lastKnownFileType = text.plist.xml; path = Info.plist; sourceTree = "<group>"; };
		A4907C0F22059BF300A4E1C4 /* XQTestResourceUITests.xctest */ = {isa = PBXFileReference; explicitFileType = wrapper.cfbundle; includeInIndex = 0; path = XQTestResourceUITests.xctest; sourceTree = BUILT_PRODUCTS_DIR; };
		A4907C1322059BF300A4E1C4 /* XQTestResourceUITests.swift */ = {isa = PBXFileReference; lastKnownFileType = sourcecode.swift; path = XQTestResourceUITests.swift; sourceTree = "<group>"; };
		A4907C1522059BF300A4E1C4 /* Info.plist */ = {isa = PBXFileReference; lastKnownFileType = text.plist.xml; path = Info.plist; sourceTree = "<group>"; };
		A4907C2122059C4A00A4E1C4 /* XQTestImage.swift */ = {isa = PBXFileReference; lastKnownFileType = sourcecode.swift; path = XQTestImage.swift; sourceTree = "<group>"; };
/* End PBXFileReference section */

/* Begin PBXFrameworksBuildPhase section */
		A4907BED22059BF300A4E1C4 /* Frameworks */ = {
			isa = PBXFrameworksBuildPhase;
			buildActionMask = 2147483647;
			files = (
			);
			runOnlyForDeploymentPostprocessing = 0;
		};
		A4907C0122059BF300A4E1C4 /* Frameworks */ = {
			isa = PBXFrameworksBuildPhase;
			buildActionMask = 2147483647;
			files = (
			);
			runOnlyForDeploymentPostprocessing = 0;
		};
		A4907C0C22059BF300A4E1C4 /* Frameworks */ = {
			isa = PBXFrameworksBuildPhase;
			buildActionMask = 2147483647;
			files = (
			);
			runOnlyForDeploymentPostprocessing = 0;
		};
/* End PBXFrameworksBuildPhase section */

/* Begin PBXGroup section */
		A4907BE722059BF300A4E1C4 = {
			isa = PBXGroup;
			children = (
				A4907BF222059BF300A4E1C4 /* XQTestResource */,
				A4907C0722059BF300A4E1C4 /* XQTestResourceTests */,
				A4907C1222059BF300A4E1C4 /* XQTestResourceUITests */,
				A4907BF122059BF300A4E1C4 /* Products */,
			);
			sourceTree = "<group>";
		};
		A4907BF122059BF300A4E1C4 /* Products */ = {
			isa = PBXGroup;
			children = (
				A4907BF022059BF300A4E1C4 /* XQTestResource.app */,
				A4907C0422059BF300A4E1C4 /* XQTestResourceTests.xctest */,
				A4907C0F22059BF300A4E1C4 /* XQTestResourceUITests.xctest */,
			);
			name = Products;
			sourceTree = "<group>";
		};
		A4907BF222059BF300A4E1C4 /* XQTestResource */ = {
			isa = PBXGroup;
			children = (
				A4907BF322059BF300A4E1C4 /* AppDelegate.swift */,
				A4907BF522059BF300A4E1C4 /* ViewController.swift */,
				A440DD3722059FCB0059BA94 /* Media.xcassets */,
				A4907C2322059CCB00A4E1C4 /* SDK */,
				A4907BF722059BF300A4E1C4 /* Main.storyboard */,
				A4907BFC22059BF300A4E1C4 /* LaunchScreen.storyboard */,
				A4907BFF22059BF300A4E1C4 /* Info.plist */,
			);
			path = XQTestResource;
			sourceTree = "<group>";
		};
		A4907C0722059BF300A4E1C4 /* XQTestResourceTests */ = {
			isa = PBXGroup;
			children = (
				A4907C0822059BF300A4E1C4 /* XQTestResourceTests.swift */,
				A4907C0A22059BF300A4E1C4 /* Info.plist */,
			);
			path = XQTestResourceTests;
			sourceTree = "<group>";
		};
		A4907C1222059BF300A4E1C4 /* XQTestResourceUITests */ = {
			isa = PBXGroup;
			children = (
				A4907C1322059BF300A4E1C4 /* XQTestResourceUITests.swift */,
				A4907C1522059BF300A4E1C4 /* Info.plist */,
			);
			path = XQTestResourceUITests;
			sourceTree = "<group>";
		};
		A4907C2322059CCB00A4E1C4 /* SDK */ = {
			isa = PBXGroup;
			children = (
				A4907C2122059C4A00A4E1C4 /* XQTestImage.swift */,
				A440DD3522059FBB0059BA94 /* XQTestAssets.xcassets */,
			);
			path = SDK;
			sourceTree = "<group>";
		};
/* End PBXGroup section */

/* Begin PBXNativeTarget section */
		A4907BEF22059BF300A4E1C4 /* XQTestResource */ = {
			isa = PBXNativeTarget;
			buildConfigurationList = A4907C1822059BF300A4E1C4 /* Build configuration list for PBXNativeTarget "XQTestResource" */;
			buildPhases = (
				A4907BEC22059BF300A4E1C4 /* Sources */,
				A4907BED22059BF300A4E1C4 /* Frameworks */,
				A4907BEE22059BF300A4E1C4 /* Resources */,
			);
			buildRules = (
			);
			dependencies = (
			);
			name = XQTestResource;
			productName = XQTestResource;
			productReference = A4907BF022059BF300A4E1C4 /* XQTestResource.app */;
			productType = "com.apple.product-type.application";
		};
		A4907C0322059BF300A4E1C4 /* XQTestResourceTests */ = {
			isa = PBXNativeTarget;
			buildConfigurationList = A4907C1B22059BF300A4E1C4 /* Build configuration list for PBXNativeTarget "XQTestResourceTests" */;
			buildPhases = (
				A4907C0022059BF300A4E1C4 /* Sources */,
				A4907C0122059BF300A4E1C4 /* Frameworks */,
				A4907C0222059BF300A4E1C4 /* Resources */,
			);
			buildRules = (
			);
			dependencies = (
				A4907C0622059BF300A4E1C4 /* PBXTargetDependency */,
			);
			name = XQTestResourceTests;
			productName = XQTestResourceTests;
			productReference = A4907C0422059BF300A4E1C4 /* XQTestResourceTests.xctest */;
			productType = "com.apple.product-type.bundle.unit-test";
		};
		A4907C0E22059BF300A4E1C4 /* XQTestResourceUITests */ = {
			isa = PBXNativeTarget;
			buildConfigurationList = A4907C1E22059BF300A4E1C4 /* Build configuration list for PBXNativeTarget "XQTestResourceUITests" */;
			buildPhases = (
				A4907C0B22059BF300A4E1C4 /* Sources */,
				A4907C0C22059BF300A4E1C4 /* Frameworks */,
				A4907C0D22059BF300A4E1C4 /* Resources */,
			);
			buildRules = (
			);
			dependencies = (
				A4907C1122059BF300A4E1C4 /* PBXTargetDependency */,
			);
			name = XQTestResourceUITests;
			productName = XQTestResourceUITests;
			productReference = A4907C0F22059BF300A4E1C4 /* XQTestResourceUITests.xctest */;
			productType = "com.apple.product-type.bundle.ui-testing";
		};
/* End PBXNativeTarget section */

/* Begin PBXProject section */
		A4907BE822059BF300A4E1C4 /* Project object */ = {
			isa = PBXProject;
			attributes = {
				LastSwiftUpdateCheck = 1010;
				LastUpgradeCheck = 1010;
				ORGANIZATIONNAME = WXQ;
				TargetAttributes = {
					A4907BEF22059BF300A4E1C4 = {
						CreatedOnToolsVersion = 10.1;
					};
					A4907C0322059BF300A4E1C4 = {
						CreatedOnToolsVersion = 10.1;
						TestTargetID = A4907BEF22059BF300A4E1C4;
					};
					A4907C0E22059BF300A4E1C4 = {
						CreatedOnToolsVersion = 10.1;
						TestTargetID = A4907BEF22059BF300A4E1C4;
					};
				};
			};
			buildConfigurationList = A4907BEB22059BF300A4E1C4 /* Build configuration list for PBXProject "XQTestResource" */;
			compatibilityVersion = "Xcode 9.3";
			developmentRegion = en;
			hasScannedForEncodings = 0;
			knownRegions = (
				en,
				Base,
			);
			mainGroup = A4907BE722059BF300A4E1C4;
			productRefGroup = A4907BF122059BF300A4E1C4 /* Products */;
			projectDirPath = "";
			projectRoot = "";
			targets = (
				A4907BEF22059BF300A4E1C4 /* XQTestResource */,
				A4907C0322059BF300A4E1C4 /* XQTestResourceTests */,
				A4907C0E22059BF300A4E1C4 /* XQTestResourceUITests */,
			);
		};
/* End PBXProject section */

/* Begin PBXResourcesBuildPhase section */
		A4907BEE22059BF300A4E1C4 /* Resources */ = {
			isa = PBXResourcesBuildPhase;
			buildActionMask = 2147483647;
			files = (
				A440DD3622059FBB0059BA94 /* XQTestAssets.xcassets in Resources */,
				A4907BFE22059BF300A4E1C4 /* LaunchScreen.storyboard in Resources */,
				A440DD3822059FCB0059BA94 /* Media.xcassets in Resources */,
				A4907BF922059BF300A4E1C4 /* Main.storyboard in Resources */,
			);
			runOnlyForDeploymentPostprocessing = 0;
		};
		A4907C0222059BF300A4E1C4 /* Resources */ = {
			isa = PBXResourcesBuildPhase;
			buildActionMask = 2147483647;
			files = (
			);
			runOnlyForDeploymentPostprocessing = 0;
		};
		A4907C0D22059BF300A4E1C4 /* Resources */ = {
			isa = PBXResourcesBuildPhase;
			buildActionMask = 2147483647;
			files = (
			);
			runOnlyForDeploymentPostprocessing = 0;
		};
/* End PBXResourcesBuildPhase section */

/* Begin PBXSourcesBuildPhase section */
		A4907BEC22059BF300A4E1C4 /* Sources */ = {
			isa = PBXSourcesBuildPhase;
			buildActionMask = 2147483647;
			files = (
				A4907BF622059BF300A4E1C4 /* ViewController.swift in Sources */,
				A4907C2222059C4A00A4E1C4 /* XQTestImage.swift in Sources */,
				A4907BF422059BF300A4E1C4 /* AppDelegate.swift in Sources */,
			);
			runOnlyForDeploymentPostprocessing = 0;
		};
		A4907C0022059BF300A4E1C4 /* Sources */ = {
			isa = PBXSourcesBuildPhase;
			buildActionMask = 2147483647;
			files = (
				A4907C0922059BF300A4E1C4 /* XQTestResourceTests.swift in Sources */,
			);
			runOnlyForDeploymentPostprocessing = 0;
		};
		A4907C0B22059BF300A4E1C4 /* Sources */ = {
			isa = PBXSourcesBuildPhase;
			buildActionMask = 2147483647;
			files = (
				A4907C1422059BF300A4E1C4 /* XQTestResourceUITests.swift in Sources */,
			);
			runOnlyForDeploymentPostprocessing = 0;
		};
/* End PBXSourcesBuildPhase section */

/* Begin PBXTargetDependency section */
		A4907C0622059BF300A4E1C4 /* PBXTargetDependency */ = {
			isa = PBXTargetDependency;
			target = A4907BEF22059BF300A4E1C4 /* XQTestResource */;
			targetProxy = A4907C0522059BF300A4E1C4 /* PBXContainerItemProxy */;
		};
		A4907C1122059BF300A4E1C4 /* PBXTargetDependency */ = {
			isa = PBXTargetDependency;
			target = A4907BEF22059BF300A4E1C4 /* XQTestResource */;
			targetProxy = A4907C1022059BF300A4E1C4 /* PBXContainerItemProxy */;
		};
/* End PBXTargetDependency section */

/* Begin PBXVariantGroup section */
		A4907BF722059BF300A4E1C4 /* Main.storyboard */ = {
			isa = PBXVariantGroup;
			children = (
				A4907BF822059BF300A4E1C4 /* Base */,
			);
			name = Main.storyboard;
			sourceTree = "<group>";
		};
		A4907BFC22059BF300A4E1C4 /* LaunchScreen.storyboard */ = {
			isa = PBXVariantGroup;
			children = (
				A4907BFD22059BF300A4E1C4 /* Base */,
			);
			name = LaunchScreen.storyboard;
			sourceTree = "<group>";
		};
/* End PBXVariantGroup section */

/* Begin XCBuildConfiguration section */
		A4907C1622059BF300A4E1C4 /* Debug */ = {
			isa = XCBuildConfiguration;
			buildSettings = {
				ALWAYS_SEARCH_USER_PATHS = NO;
				CLANG_ANALYZER_NONNULL = YES;
				CLANG_ANALYZER_NUMBER_OBJECT_CONVERSION = YES_AGGRESSIVE;
				CLANG_CXX_LANGUAGE_STANDARD = "gnu++14";
				CLANG_CXX_LIBRARY = "libc++";
				CLANG_ENABLE_MODULES = YES;
				CLANG_ENABLE_OBJC_ARC = YES;
				CLANG_ENABLE_OBJC_WEAK = YES;
				CLANG_WARN_BLOCK_CAPTURE_AUTORELEASING = YES;
				CLANG_WARN_BOOL_CONVERSION = YES;
				CLANG_WARN_COMMA = YES;
				CLANG_WARN_CONSTANT_CONVERSION = YES;
				CLANG_WARN_DEPRECATED_OBJC_IMPLEMENTATIONS = YES;
				CLANG_WARN_DIRECT_OBJC_ISA_USAGE = YES_ERROR;
				CLANG_WARN_DOCUMENTATION_COMMENTS = YES;
				CLANG_WARN_EMPTY_BODY = YES;
				CLANG_WARN_ENUM_CONVERSION = YES;
				CLANG_WARN_INFINITE_RECURSION = YES;
				CLANG_WARN_INT_CONVERSION = YES;
				CLANG_WARN_NON_LITERAL_NULL_CONVERSION = YES;
				CLANG_WARN_OBJC_IMPLICIT_RETAIN_SELF = YES;
				CLANG_WARN_OBJC_LITERAL_CONVERSION = YES;
				CLANG_WARN_OBJC_ROOT_CLASS = YES_ERROR;
				CLANG_WARN_RANGE_LOOP_ANALYSIS = YES;
				CLANG_WARN_STRICT_PROTOTYPES = YES;
				CLANG_WARN_SUSPICIOUS_MOVE = YES;
				CLANG_WARN_UNGUARDED_AVAILABILITY = YES_AGGRESSIVE;
				CLANG_WARN_UNREACHABLE_CODE = YES;
				CLANG_WARN__DUPLICATE_METHOD_MATCH = YES;
				CODE_SIGN_IDENTITY = "iPhone Developer";
				COPY_PHASE_STRIP = NO;
				DEBUG_INFORMATION_FORMAT = dwarf;
				ENABLE_STRICT_OBJC_MSGSEND = YES;
				ENABLE_TESTABILITY = YES;
				GCC_C_LANGUAGE_STANDARD = gnu11;
				GCC_DYNAMIC_NO_PIC = NO;
				GCC_NO_COMMON_BLOCKS = YES;
				GCC_OPTIMIZATION_LEVEL = 0;
				GCC_PREPROCESSOR_DEFINITIONS = (
					"DEBUG=1",
					"$(inherited)",
				);
				GCC_WARN_64_TO_32_BIT_CONVERSION = YES;
				GCC_WARN_ABOUT_RETURN_TYPE = YES_ERROR;
				GCC_WARN_UNDECLARED_SELECTOR = YES;
				GCC_WARN_UNINITIALIZED_AUTOS = YES_AGGRESSIVE;
				GCC_WARN_UNUSED_FUNCTION = YES;
				GCC_WARN_UNUSED_VARIABLE = YES;
				IPHONEOS_DEPLOYMENT_TARGET = 12.1;
				MTL_ENABLE_DEBUG_INFO = INCLUDE_SOURCE;
				MTL_FAST_MATH = YES;
				ONLY_ACTIVE_ARCH = YES;
				SDKROOT = iphoneos;
				SWIFT_ACTIVE_COMPILATION_CONDITIONS = DEBUG;
				SWIFT_OPTIMIZATION_LEVEL = "-Onone";
			};
			name = Debug;
		};
		A4907C1722059BF300A4E1C4 /* Release */ = {
			isa = XCBuildConfiguration;
			buildSettings = {
				ALWAYS_SEARCH_USER_PATHS = NO;
				CLANG_ANALYZER_NONNULL = YES;
				CLANG_ANALYZER_NUMBER_OBJECT_CONVERSION = YES_AGGRESSIVE;
				CLANG_CXX_LANGUAGE_STANDARD = "gnu++14";
				CLANG_CXX_LIBRARY = "libc++";
				CLANG_ENABLE_MODULES = YES;
				CLANG_ENABLE_OBJC_ARC = YES;
				CLANG_ENABLE_OBJC_WEAK = YES;
				CLANG_WARN_BLOCK_CAPTURE_AUTORELEASING = YES;
				CLANG_WARN_BOOL_CONVERSION = YES;
				CLANG_WARN_COMMA = YES;
				CLANG_WARN_CONSTANT_CONVERSION = YES;
				CLANG_WARN_DEPRECATED_OBJC_IMPLEMENTATIONS = YES;
				CLANG_WARN_DIRECT_OBJC_ISA_USAGE = YES_ERROR;
				CLANG_WARN_DOCUMENTATION_COMMENTS = YES;
				CLANG_WARN_EMPTY_BODY = YES;
				CLANG_WARN_ENUM_CONVERSION = YES;
				CLANG_WARN_INFINITE_RECURSION = YES;
				CLANG_WARN_INT_CONVERSION = YES;
				CLANG_WARN_NON_LITERAL_NULL_CONVERSION = YES;
				CLANG_WARN_OBJC_IMPLICIT_RETAIN_SELF = YES;
				CLANG_WARN_OBJC_LITERAL_CONVERSION = YES;
				CLANG_WARN_OBJC_ROOT_CLASS = YES_ERROR;
				CLANG_WARN_RANGE_LOOP_ANALYSIS = YES;
				CLANG_WARN_STRICT_PROTOTYPES = YES;
				CLANG_WARN_SUSPICIOUS_MOVE = YES;
				CLANG_WARN_UNGUARDED_AVAILABILITY = YES_AGGRESSIVE;
				CLANG_WARN_UNREACHABLE_CODE = YES;
				CLANG_WARN__DUPLICATE_METHOD_MATCH = YES;
				CODE_SIGN_IDENTITY = "iPhone Developer";
				COPY_PHASE_STRIP = NO;
				DEBUG_INFORMATION_FORMAT = "dwarf-with-dsym";
				ENABLE_NS_ASSERTIONS = NO;
				ENABLE_STRICT_OBJC_MSGSEND = YES;
				GCC_C_LANGUAGE_STANDARD = gnu11;
				GCC_NO_COMMON_BLOCKS = YES;
				GCC_WARN_64_TO_32_BIT_CONVERSION = YES;
				GCC_WARN_ABOUT_RETURN_TYPE = YES_ERROR;
				GCC_WARN_UNDECLARED_SELECTOR = YES;
				GCC_WARN_UNINITIALIZED_AUTOS = YES_AGGRESSIVE;
				GCC_WARN_UNUSED_FUNCTION = YES;
				GCC_WARN_UNUSED_VARIABLE = YES;
				IPHONEOS_DEPLOYMENT_TARGET = 12.1;
				MTL_ENABLE_DEBUG_INFO = NO;
				MTL_FAST_MATH = YES;
				SDKROOT = iphoneos;
				SWIFT_COMPILATION_MODE = wholemodule;
				SWIFT_OPTIMIZATION_LEVEL = "-O";
				VALIDATE_PRODUCT = YES;
			};
			name = Release;
		};
		A4907C1922059BF300A4E1C4 /* Debug */ = {
			isa = XCBuildConfiguration;
			buildSettings = {
				ASSETCATALOG_COMPILER_APPICON_NAME = AppIcon;
				CODE_SIGN_STYLE = Automatic;
				DEVELOPMENT_TEAM = HYE5WA8QEX;
				INFOPLIST_FILE = XQTestResource/Info.plist;
				LD_RUNPATH_SEARCH_PATHS = (
					"$(inherited)",
					"@executable_path/Frameworks",
				);
				PRODUCT_BUNDLE_IDENTIFIER = com.wxqlm.XQTestResource;
				PRODUCT_NAME = "$(TARGET_NAME)";
				SWIFT_VERSION = 4.2;
				TARGETED_DEVICE_FAMILY = "1,2";
			};
			name = Debug;
		};
		A4907C1A22059BF300A4E1C4 /* Release */ = {
			isa = XCBuildConfiguration;
			buildSettings = {
				ASSETCATALOG_COMPILER_APPICON_NAME = AppIcon;
				CODE_SIGN_STYLE = Automatic;
				DEVELOPMENT_TEAM = HYE5WA8QEX;
				INFOPLIST_FILE = XQTestResource/Info.plist;
				LD_RUNPATH_SEARCH_PATHS = (
					"$(inherited)",
					"@executable_path/Frameworks",
				);
				PRODUCT_BUNDLE_IDENTIFIER = com.wxqlm.XQTestResource;
				PRODUCT_NAME = "$(TARGET_NAME)";
				SWIFT_VERSION = 4.2;
				TARGETED_DEVICE_FAMILY = "1,2";
			};
			name = Release;
		};
		A4907C1C22059BF300A4E1C4 /* Debug */ = {
			isa = XCBuildConfiguration;
			buildSettings = {
				ALWAYS_EMBED_SWIFT_STANDARD_LIBRARIES = YES;
				BUNDLE_LOADER = "$(TEST_HOST)";
				CODE_SIGN_STYLE = Automatic;
				DEVELOPMENT_TEAM = HYE5WA8QEX;
				INFOPLIST_FILE = XQTestResourceTests/Info.plist;
				LD_RUNPATH_SEARCH_PATHS = (
					"$(inherited)",
					"@executable_path/Frameworks",
					"@loader_path/Frameworks",
				);
				PRODUCT_BUNDLE_IDENTIFIER = com.wxqlm.XQTestResourceTests;
				PRODUCT_NAME = "$(TARGET_NAME)";
				SWIFT_VERSION = 4.2;
				TARGETED_DEVICE_FAMILY = "1,2";
				TEST_HOST = "$(BUILT_PRODUCTS_DIR)/XQTestResource.app/XQTestResource";
			};
			name = Debug;
		};
		A4907C1D22059BF300A4E1C4 /* Release */ = {
			isa = XCBuildConfiguration;
			buildSettings = {
				ALWAYS_EMBED_SWIFT_STANDARD_LIBRARIES = YES;
				BUNDLE_LOADER = "$(TEST_HOST)";
				CODE_SIGN_STYLE = Automatic;
				DEVELOPMENT_TEAM = HYE5WA8QEX;
				INFOPLIST_FILE = XQTestResourceTests/Info.plist;
				LD_RUNPATH_SEARCH_PATHS = (
					"$(inherited)",
					"@executable_path/Frameworks",
					"@loader_path/Frameworks",
				);
				PRODUCT_BUNDLE_IDENTIFIER = com.wxqlm.XQTestResourceTests;
				PRODUCT_NAME = "$(TARGET_NAME)";
				SWIFT_VERSION = 4.2;
				TARGETED_DEVICE_FAMILY = "1,2";
				TEST_HOST = "$(BUILT_PRODUCTS_DIR)/XQTestResource.app/XQTestResource";
			};
			name = Release;
		};
		A4907C1F22059BF300A4E1C4 /* Debug */ = {
			isa = XCBuildConfiguration;
			buildSettings = {
				ALWAYS_EMBED_SWIFT_STANDARD_LIBRARIES = YES;
				CODE_SIGN_STYLE = Automatic;
				DEVELOPMENT_TEAM = HYE5WA8QEX;
				INFOPLIST_FILE = XQTestResourceUITests/Info.plist;
				LD_RUNPATH_SEARCH_PATHS = (
					"$(inherited)",
					"@executable_path/Frameworks",
					"@loader_path/Frameworks",
				);
				PRODUCT_BUNDLE_IDENTIFIER = com.wxqlm.XQTestResourceUITests;
				PRODUCT_NAME = "$(TARGET_NAME)";
				SWIFT_VERSION = 4.2;
				TARGETED_DEVICE_FAMILY = "1,2";
				TEST_TARGET_NAME = XQTestResource;
			};
			name = Debug;
		};
		A4907C2022059BF300A4E1C4 /* Release */ = {
			isa = XCBuildConfiguration;
			buildSettings = {
				ALWAYS_EMBED_SWIFT_STANDARD_LIBRARIES = YES;
				CODE_SIGN_STYLE = Automatic;
				DEVELOPMENT_TEAM = HYE5WA8QEX;
				INFOPLIST_FILE = XQTestResourceUITests/Info.plist;
				LD_RUNPATH_SEARCH_PATHS = (
					"$(inherited)",
					"@executable_path/Frameworks",
					"@loader_path/Frameworks",
				);
				PRODUCT_BUNDLE_IDENTIFIER = com.wxqlm.XQTestResourceUITests;
				PRODUCT_NAME = "$(TARGET_NAME)";
				SWIFT_VERSION = 4.2;
				TARGETED_DEVICE_FAMILY = "1,2";
				TEST_TARGET_NAME = XQTestResource;
			};
			name = Release;
		};
/* End XCBuildConfiguration section */

/* Begin XCConfigurationList section */
		A4907BEB22059BF300A4E1C4 /* Build configuration list for PBXProject "XQTestResource" */ = {
			isa = XCConfigurationList;
			buildConfigurations = (
				A4907C1622059BF300A4E1C4 /* Debug */,
				A4907C1722059BF300A4E1C4 /* Release */,
			);
			defaultConfigurationIsVisible = 0;
			defaultConfigurationName = Release;
		};
		A4907C1822059BF300A4E1C4 /* Build configuration list for PBXNativeTarget "XQTestResource" */ = {
			isa = XCConfigurationList;
			buildConfigurations = (
				A4907C1922059BF300A4E1C4 /* Debug */,
				A4907C1A22059BF300A4E1C4 /* Release */,
			);
			defaultConfigurationIsVisible = 0;
			defaultConfigurationName = Release;
		};
		A4907C1B22059BF300A4E1C4 /* Build configuration list for PBXNativeTarget "XQTestResourceTests" */ = {
			isa = XCConfigurationList;
			buildConfigurations = (
				A4907C1C22059BF300A4E1C4 /* Debug */,
				A4907C1D22059BF300A4E1C4 /* Release */,
			);
			defaultConfigurationIsVisible = 0;
			defaultConfigurationName = Release;
		};
		A4907C1E22059BF300A4E1C4 /* Build configuration list for PBXNativeTarget "XQTestResourceUITests" */ = {
			isa = XCConfigurationList;
			buildConfigurations = (
				A4907C1F22059BF300A4E1C4 /* Debug */,
				A4907C2022059BF300A4E1C4 /* Release */,
			);
			defaultConfigurationIsVisible = 0;
			defaultConfigurationName = Release;
		};
/* End XCConfigurationList section */
	};
	rootObject = A4907BE822059BF300A4E1C4 /* Project object */;
}
